{
    "_meta": {
        "hash": {
            "sha256": "eddc5788d441f872f09fb1f2ec759d217da6582e42af9aac77912acb09170828"
        },
        "pipfile-spec": 6,
        "requires": {
            "python_version": "3.7"
        },
        "sources": [
            {
                "name": "pypi",
                "url": "https://pypi.org/simple",
                "verify_ssl": true
            }
        ]
    },
    "default": {
        "z3-solver": {
            "hashes": [
                "sha256:24ec5a60b07abbc594d7bed0bd186942b862518caa8b40361e3207700ddfa323",
                "sha256:956f2dca9c527a59470c783c18041421da3b0a430f8902de6cd8cded83209d3d",
                "sha256:a28e4a7051592bfd9c617c7357962a2f5f58caff44eda8ab080ff69db10a6ca7",
                "sha256:c095896978d0af19c4591704aa64ef380f1514ec4e05af3b0cc5f36a0c95c750"
            ],
            "index": "pypi",
            "version": "==4.8.0.0.post1"
        }
    },
    "develop": {}
}
